
Microsoft Visual Studio Solution File, Format Version 12.00
# Visual Studio 2015
Project("{FAE04EC0-301F-11D3-BF4B-00C04F79EFBC}") = "Animator2D", "Animator2D.csproj", "{F5851CE9-FFB1-A63C-1532-0DF0E9574A48}"
EndProject
Project("{FAE04EC0-301F-11D3-BF4B-00C04F79EFBC}") = "Animator2D.Editor", "Animator2D.Editor.csproj", "{41A17497-2960-F701-FD5E-0F5CCC9BCE50}"
EndProject
Global
	GlobalSection(SolutionConfigurationPlatforms) = preSolution
		Debug|Any CPU = Debug|Any CPU
		Release|Any CPU = Release|Any CPU
	EndGlobalSection
	GlobalSection(ProjectConfigurationPlatforms) = postSolution
		{F5851CE9-FFB1-A63C-1532-0DF0E9574A48}.Debug|Any CPU.ActiveCfg = Debug|Any CPU
		{F5851CE9-FFB1-A63C-1532-0DF0E9574A48}.Debug|Any CPU.Build.0 = Debug|Any CPU
		{F5851CE9-FFB1-A63C-1532-0DF0E9574A48}.Release|Any CPU.ActiveCfg = Release|Any CPU
		{F5851CE9-FFB1-A63C-1532-0DF0E9574A48}.Release|Any CPU.Build.0 = Release|Any CPU
		{41A17497-2960-F701-FD5E-0F5CCC9BCE50}.Debug|Any CPU.ActiveCfg = Debug|Any CPU
		{41A17497-2960-F701-FD5E-0F5CCC9BCE50}.Debug|Any CPU.Build.0 = Debug|Any CPU
		{41A17497-2960-F701-FD5E-0F5CCC9BCE50}.Release|Any CPU.ActiveCfg = Release|Any CPU
		{41A17497-2960-F701-FD5E-0F5CCC9BCE50}.Release|Any CPU.Build.0 = Release|Any CPU
	EndGlobalSection
	GlobalSection(SolutionProperties) = preSolution
		HideSolutionNode = FALSE
	EndGlobalSection
EndGlobal
